// !$*UTF8*$!
{
	archiveVersion = 1;
	classes = {
	};
	objectVersion = 46;
	objects = {

/* Begin PBXBuildFile section */
		014C1862E48E4451A9FACDF3 /* libRCTWebSocket.a in Frameworks */ = {isa = PBXBuildFile; fileRef = D2BEE10A53FA4CF8ACFBF0B5 /* libRCTWebSocket.a */; };
		11357B9926BE4C52AD104352 /* libRCTCameraRoll.a in Frameworks */ = {isa = PBXBuildFile; fileRef = 596404FEA79943888C788C0D /* libRCTCameraRoll.a */; };
		223A89461E89CDC70092741E /* MiniApp.jsbundle in Resources */ = {isa = PBXBuildFile; fileRef = 223A89451E89CDC70092741E /* MiniApp.jsbundle */; };
		22BF1FEB1E8DAAF800E7F500 /* assets in Resources */ = {isa = PBXBuildFile; fileRef = 22BF1FEA1E8DAAF800E7F500 /* assets */; };
		301CB9021F33F3450048C58B /* NSBundle+frameworkBundle.m in Sources */ = {isa = PBXBuildFile; fileRef = 301CB9001F33F3450048C58B /* NSBundle+frameworkBundle.m */; };
		301CB9031F33F3450048C58B /* NSBundle+frameworkBundle.h in Headers */ = {isa = PBXBuildFile; fileRef = 301CB9011F33F3450048C58B /* NSBundle+frameworkBundle.h */; };
		304000E82098E1F000BF751C /* ElectrodePluginConfig.h in Headers */ = {isa = PBXBuildFile; fileRef = 304000E72098E1F000BF751C /* ElectrodePluginConfig.h */; settings = {ATTRIBUTES = (Public, ); }; };
		30F8CDEE1E67946E00413247 /* ElectrodeReactNative_Internal.h in Headers */ = {isa = PBXBuildFile; fileRef = 30F8CDED1E67946E00413247 /* ElectrodeReactNative_Internal.h */; };
		485009ED1E2FF23C009B6610 /* ElectrodeContainer.framework in Frameworks */ = {isa = PBXBuildFile; fileRef = 485009E31E2FF23B009B6610 /* ElectrodeContainer.framework */; };
		485009F41E2FF23C009B6610 /* ElectrodeContainer.h in Headers */ = {isa = PBXBuildFile; fileRef = 485009E61E2FF23B009B6610 /* ElectrodeContainer.h */; settings = {ATTRIBUTES = (Public, ); }; };
		48500A981E2FF55B009B6610 /* ElectrodeReactNative.h in Headers */ = {isa = PBXBuildFile; fileRef = 48500A961E2FF55B009B6610 /* ElectrodeReactNative.h */; settings = {ATTRIBUTES = (Public, ); }; };
		48500A991E2FF55B009B6610 /* ElectrodeReactNative.m in Sources */ = {isa = PBXBuildFile; fileRef = 48500A971E2FF55B009B6610 /* ElectrodeReactNative.m */; };
		580E6EB1F3C947258C661D09 /* libRCTSettings.a in Frameworks */ = {isa = PBXBuildFile; fileRef = 743D78DD796B4998BAFA65EF /* libRCTSettings.a */; };
		6574FF567679485FB1998B63 /* libCodePush.a in Frameworks */ = {isa = PBXBuildFile; fileRef = FC89FA4EFD3A4A08A4F0E0FB /* libCodePush.a */; };
		6A4DE2D1BA644C82969245C6 /* libART.a in Frameworks */ = {isa = PBXBuildFile; fileRef = 8CB855017A834364887A3501 /* libART.a */; };
		898CBC4123B04A48BCA5ED64 /* ElectrodeCodePushConfig.h in Headers */ = {isa = PBXBuildFile; fileRef = D0DB3DE581C24E81927F6B12 /* ElectrodeCodePushConfig.h */; settings = {ATTRIBUTES = (Public, ); }; };
		968333D71E54E3470031C565 /* ElectrodeBridgeDelegate.h in Headers */ = {isa = PBXBuildFile; fileRef = 968333D51E54E3470031C565 /* ElectrodeBridgeDelegate.h */; };
		968333D81E54E3470031C565 /* ElectrodeBridgeDelegate.m in Sources */ = {isa = PBXBuildFile; fileRef = 968333D61E54E3470031C565 /* ElectrodeBridgeDelegate.m */; };
		AE8287F6A0B940FA8505BF73 /* libRCTText.a in Frameworks */ = {isa = PBXBuildFile; fileRef = 64BBD79B378C47128E66949E /* libRCTText.a */; };
		B235675BC307401E956E4EF1 /* libRCTGeolocation.a in Frameworks */ = {isa = PBXBuildFile; fileRef = F8584B94F21749C08A841D50 /* libRCTGeolocation.a */; };
		BDF54AAFD765483B9C942B9E /* libRCTAnimation.a in Frameworks */ = {isa = PBXBuildFile; fileRef = EE3227EC866C4619A9F55C15 /* libRCTAnimation.a */; };
		C0DD92BE02F94A75B90EF95A /* libRCTImage.a in Frameworks */ = {isa = PBXBuildFile; fileRef = 8F19960E1ED74F26AD264915 /* libRCTImage.a */; };
		C29B8CB1DF274D498388BDD3 /* libRCTLinking.a in Frameworks */ = {isa = PBXBuildFile; fileRef = 187992F9AB6445D8BF63AE4E /* libRCTLinking.a */; };
		D2B52F129CE14D488B1908C7 /* libRCTVibration.a in Frameworks */ = {isa = PBXBuildFile; fileRef = B67AEB10669C4A96B8B13528 /* libRCTVibration.a */; };
		D4BE29EED40D41CF91D112E7 /* libRCTNetwork.a in Frameworks */ = {isa = PBXBuildFile; fileRef = 352A295307AB48A984D72CAA /* libRCTNetwork.a */; };
		E69DBDFC02E7461CBE84D02B /* libz.tbd in Frameworks */ = {isa = PBXBuildFile; fileRef = 794A33F81A254307994D773E /* libz.tbd */; };
		EDA5176C6F704C33B5941B02 /* libRCTActionSheet.a in Frameworks */ = {isa = PBXBuildFile; fileRef = B8213D189B77438FBE5E0A0A /* libRCTActionSheet.a */; };
		F099E6D2EA8A43D8AF188445 /* libReact.a in Frameworks */ = {isa = PBXBuildFile; fileRef = 48532A4DAEB84A04BE3AB8E2 /* libReact.a */; };
		F66EB091D57441B5877DB9CF /* ElectrodeCodePushConfig.m in Sources */ = {isa = PBXBuildFile; fileRef = BEDF664D2E9A420280108D10 /* ElectrodeCodePushConfig.m */; };
/* End PBXBuildFile section */

/* Begin PBXContainerItemProxy section */
		071162D4468D4CD4A5030315 /* PBXContainerItemProxy */ = {
			isa = PBXContainerItemProxy;
			containerPortal = B7F3892DB65E4319B2AD62CA /* ART.xcodeproj */;
			proxyType = 1;
			remoteGlobalIDString = 0CF68AC01AF0540F00FF9E5C;
			remoteInfo = ART;
		};
		08CA975031C1494E8620D21B /* PBXContainerItemProxy */ = {
			isa = PBXContainerItemProxy;
			containerPortal = 583F059B6002481A889E0BE8 /* RCTWebSocket.xcodeproj */;
			proxyType = 2;
			remoteGlobalIDString = 3C86DF461ADF2C930047B81A;
			remoteInfo = RCTWebSocket;
		};
		0BC3849BAF9243F699CBE543 /* PBXContainerItemProxy */ = {
			isa = PBXContainerItemProxy;
			containerPortal = 5B968AB492EC4CBC93DAE601 /* RCTNetwork.xcodeproj */;
			proxyType = 2;
			remoteGlobalIDString = 58B511DB1A9E6C8500147676;
			remoteInfo = RCTNetwork;
		};
		1020EE28E6124C2FB204BE2A /* PBXContainerItemProxy */ = {
			isa = PBXContainerItemProxy;
			containerPortal = 74BD7FFD513A4A0EB0BCD470 /* RCTLinking.xcodeproj */;
			proxyType = 2;
			remoteGlobalIDString = 134814201AA4EA6300B7C361;
			remoteInfo = RCTLinking;
		};
		118A4C9D8C014D78BD63A884 /* PBXContainerItemProxy */ = {
			isa = PBXContainerItemProxy;
			containerPortal = 7860644743E44FF5A725042D /* RCTAnimation.xcodeproj */;
			proxyType = 1;
			remoteGlobalIDString = 58B511DA1A9E6C8500147676;
			remoteInfo = RCTAnimation;
		};
		158CF5DBAB7A432292A74A23 /* PBXContainerItemProxy */ = {
			isa = PBXContainerItemProxy;
			containerPortal = 5B968AB492EC4CBC93DAE601 /* RCTNetwork.xcodeproj */;
			proxyType = 1;
			remoteGlobalIDString = 58B511DA1A9E6C8500147676;
			remoteInfo = RCTNetwork;
		};
		1685AB2C19C44789A32A14CF /* PBXContainerItemProxy */ = {
			isa = PBXContainerItemProxy;
			containerPortal = DE15CECC4A994C1C93137284 /* RCTText.xcodeproj */;
			proxyType = 1;
			remoteGlobalIDString = 58B5119A1A9E6C1200147676;
			remoteInfo = RCTText;
		};
		1A898C4722153F0100478E2F /* PBXContainerItemProxy */ = {
			isa = PBXContainerItemProxy;
			containerPortal = B7F3892DB65E4319B2AD62CA /* ART.xcodeproj */;
			proxyType = 2;
			remoteGlobalIDString = 323A12871E5F266B004975B8;
			remoteInfo = "ART-tvOS";
		};
		1A898C4A22153F0100478E2F /* PBXContainerItemProxy */ = {
			isa = PBXContainerItemProxy;
			containerPortal = 12F987A6CBEC4104BDFA6453 /* CodePush.xcodeproj */;
			proxyType = 2;
			remoteGlobalIDString = F886647B1F4ADB500036D01B;
			remoteInfo = "CodePush-tvOS";
		};
		1A898C4D22153F0100478E2F /* PBXContainerItemProxy */ = {
			isa = PBXContainerItemProxy;
			containerPortal = 7860644743E44FF5A725042D /* RCTAnimation.xcodeproj */;
			proxyType = 2;
			remoteGlobalIDString = 2D2A28201D9B03D100D4039D;
			remoteInfo = "RCTAnimation-tvOS";
		};
		1A898C5022153F0100478E2F /* PBXContainerItemProxy */ = {
			isa = PBXContainerItemProxy;
			containerPortal = FF9209D685B24AAEAB2AF416 /* RCTImage.xcodeproj */;
			proxyType = 2;
			remoteGlobalIDString = 2D2A283A1D9B042B00D4039D;
			remoteInfo = "RCTImage-tvOS";
		};
		1A898C5322153F0100478E2F /* PBXContainerItemProxy */ = {
			isa = PBXContainerItemProxy;
			containerPortal = 74BD7FFD513A4A0EB0BCD470 /* RCTLinking.xcodeproj */;
			proxyType = 2;
			remoteGlobalIDString = 2D2A28471D9B043800D4039D;
			remoteInfo = "RCTLinking-tvOS";
		};
		1A898C5622153F0100478E2F /* PBXContainerItemProxy */ = {
			isa = PBXContainerItemProxy;
			containerPortal = 5B968AB492EC4CBC93DAE601 /* RCTNetwork.xcodeproj */;
			proxyType = 2;
			remoteGlobalIDString = 2D2A28541D9B044C00D4039D;
			remoteInfo = "RCTNetwork-tvOS";
		};
		1A898C5922153F0100478E2F /* PBXContainerItemProxy */ = {
			isa = PBXContainerItemProxy;
			containerPortal = 5749636DFF624CD69D0DE85E /* RCTSettings.xcodeproj */;
			proxyType = 2;
			remoteGlobalIDString = 2D2A28611D9B046600D4039D;
			remoteInfo = "RCTSettings-tvOS";
		};
		1A898C5C22153F0100478E2F /* PBXContainerItemProxy */ = {
			isa = PBXContainerItemProxy;
			containerPortal = DE15CECC4A994C1C93137284 /* RCTText.xcodeproj */;
			proxyType = 2;
			remoteGlobalIDString = 2D2A287B1D9B048500D4039D;
			remoteInfo = "RCTText-tvOS";
		};
		1A898C6122153F0100478E2F /* PBXContainerItemProxy */ = {
			isa = PBXContainerItemProxy;
			containerPortal = 583F059B6002481A889E0BE8 /* RCTWebSocket.xcodeproj */;
			proxyType = 2;
			remoteGlobalIDString = 2D2A28881D9B049200D4039D;
			remoteInfo = "RCTWebSocket-tvOS";
		};
		1A898C6322153F0100478E2F /* PBXContainerItemProxy */ = {
			isa = PBXContainerItemProxy;
			containerPortal = 583F059B6002481A889E0BE8 /* RCTWebSocket.xcodeproj */;
			proxyType = 2;
			remoteGlobalIDString = 3DBE0D001F3B181A0099AA32;
			remoteInfo = fishhook;
		};
		1A898C6522153F0100478E2F /* PBXContainerItemProxy */ = {
			isa = PBXContainerItemProxy;
			containerPortal = 583F059B6002481A889E0BE8 /* RCTWebSocket.xcodeproj */;
			proxyType = 2;
			remoteGlobalIDString = 3DBE0D0D1F3B181C0099AA32;
			remoteInfo = "fishhook-tvOS";
		};
		1A898C7422153F0100478E2F /* PBXContainerItemProxy */ = {
			isa = PBXContainerItemProxy;
			containerPortal = 1E6DCC2ED24B4D228F5234F0 /* React.xcodeproj */;
			proxyType = 2;
			remoteGlobalIDString = 2D2A28131D9B038B00D4039D;
			remoteInfo = "React-tvOS";
		};
		1A898C7622153F0100478E2F /* PBXContainerItemProxy */ = {
			isa = PBXContainerItemProxy;
			containerPortal = 1E6DCC2ED24B4D228F5234F0 /* React.xcodeproj */;
			proxyType = 2;
			remoteGlobalIDString = 3D3C059A1DE3340900C268FA;
			remoteInfo = yoga;
		};
		1A898C7822153F0100478E2F /* PBXContainerItemProxy */ = {
			isa = PBXContainerItemProxy;
			containerPortal = 1E6DCC2ED24B4D228F5234F0 /* React.xcodeproj */;
			proxyType = 2;
			remoteGlobalIDString = 3D3C06751DE3340C00C268FA;
			remoteInfo = "yoga-tvOS";
		};
		1A898C7A22153F0100478E2F /* PBXContainerItemProxy */ = {
			isa = PBXContainerItemProxy;
			containerPortal = 1E6DCC2ED24B4D228F5234F0 /* React.xcodeproj */;
			proxyType = 2;
			remoteGlobalIDString = 3D3CD9251DE5FBEC00167DC4;
			remoteInfo = cxxreact;
		};
		1A898C7C22153F0100478E2F /* PBXContainerItemProxy */ = {
			isa = PBXContainerItemProxy;
			containerPortal = 1E6DCC2ED24B4D228F5234F0 /* React.xcodeproj */;
			proxyType = 2;
			remoteGlobalIDString = 3D3CD9321DE5FBEE00167DC4;
			remoteInfo = "cxxreact-tvOS";
		};
		1A898C7E22153F0100478E2F /* PBXContainerItemProxy */ = {
			isa = PBXContainerItemProxy;
			containerPortal = 1E6DCC2ED24B4D228F5234F0 /* React.xcodeproj */;
			proxyType = 2;
			remoteGlobalIDString = 3D3CD90B1DE5FBD600167DC4;
			remoteInfo = jschelpers;
		};
		1A898C8022153F0100478E2F /* PBXContainerItemProxy */ = {
			isa = PBXContainerItemProxy;
			containerPortal = 1E6DCC2ED24B4D228F5234F0 /* React.xcodeproj */;
			proxyType = 2;
			remoteGlobalIDString = 3D3CD9181DE5FBD800167DC4;
			remoteInfo = "jschelpers-tvOS";
		};
		1A898C8222153F0100478E2F /* PBXContainerItemProxy */ = {
			isa = PBXContainerItemProxy;
			containerPortal = 1E6DCC2ED24B4D228F5234F0 /* React.xcodeproj */;
			proxyType = 2;
			remoteGlobalIDString = 139D7ECE1E25DB7D00323FB7;
			remoteInfo = "third-party";
		};
		1A898C8422153F0100478E2F /* PBXContainerItemProxy */ = {
			isa = PBXContainerItemProxy;
			containerPortal = 1E6DCC2ED24B4D228F5234F0 /* React.xcodeproj */;
			proxyType = 2;
			remoteGlobalIDString = 3D383D3C1EBD27B6005632C8;
			remoteInfo = "third-party-tvOS";
		};
		1A898C8622153F0100478E2F /* PBXContainerItemProxy */ = {
			isa = PBXContainerItemProxy;
			containerPortal = 1E6DCC2ED24B4D228F5234F0 /* React.xcodeproj */;
			proxyType = 2;
			remoteGlobalIDString = 139D7E881E25C6D100323FB7;
			remoteInfo = "double-conversion";
		};
		1A898C8822153F0100478E2F /* PBXContainerItemProxy */ = {
			isa = PBXContainerItemProxy;
			containerPortal = 1E6DCC2ED24B4D228F5234F0 /* React.xcodeproj */;
			proxyType = 2;
			remoteGlobalIDString = 3D383D621EBD27B9005632C8;
			remoteInfo = "double-conversion-tvOS";
		};
		1A898C8A22153F0100478E2F /* PBXContainerItemProxy */ = {
			isa = PBXContainerItemProxy;
			containerPortal = 1E6DCC2ED24B4D228F5234F0 /* React.xcodeproj */;
			proxyType = 2;
			remoteGlobalIDString = 9936F3131F5F2E4B0010BF04;
			remoteInfo = privatedata;
		};
		1A898C8C22153F0100478E2F /* PBXContainerItemProxy */ = {
			isa = PBXContainerItemProxy;
			containerPortal = 1E6DCC2ED24B4D228F5234F0 /* React.xcodeproj */;
			proxyType = 2;
			remoteGlobalIDString = 9936F32F1F5F2E5B0010BF04;
			remoteInfo = "privatedata-tvOS";
		};
		2279251875544BEEB93C4E11 /* PBXContainerItemProxy */ = {
			isa = PBXContainerItemProxy;
			containerPortal = 12F987A6CBEC4104BDFA6453 /* CodePush.xcodeproj */;
			proxyType = 1;
			remoteGlobalIDString = 58B511DA1A9E6C8500147676;
			remoteInfo = CodePush;
		};
		2D8E85B4EB2442E0A6767D24 /* PBXContainerItemProxy */ = {
			isa = PBXContainerItemProxy;
			containerPortal = 7860644743E44FF5A725042D /* RCTAnimation.xcodeproj */;
			proxyType = 2;
			remoteGlobalIDString = 134814201AA4EA6300B7C361;
			remoteInfo = RCTAnimation;
		};
		314841816E254BEC9CF6536D /* PBXContainerItemProxy */ = {
			isa = PBXContainerItemProxy;
			containerPortal = 12F987A6CBEC4104BDFA6453 /* CodePush.xcodeproj */;
			proxyType = 2;
			remoteGlobalIDString = 134814201AA4EA6300B7C361;
			remoteInfo = CodePush;
		};
		39DB5E0E4A094D5FAE3BDD07 /* PBXContainerItemProxy */ = {
			isa = PBXContainerItemProxy;
			containerPortal = 62533399AC54490FAF7B4402 /* RCTVibration.xcodeproj */;
			proxyType = 1;
			remoteGlobalIDString = 832C817F1AAF6DEF007FA2F7;
			remoteInfo = RCTVibration;
		};
		485009EE1E2FF23C009B6610 /* PBXContainerItemProxy */ = {
			isa = PBXContainerItemProxy;
			containerPortal = 485009DA1E2FF23B009B6610 /* Project object */;
			proxyType = 1;
			remoteGlobalIDString = 485009E21E2FF23B009B6610;
			remoteInfo = ElectrodeContainer;
		};
		514EADF185054D93A112F5C4 /* PBXContainerItemProxy */ = {
			isa = PBXContainerItemProxy;
			containerPortal = 5749636DFF624CD69D0DE85E /* RCTSettings.xcodeproj */;
			proxyType = 2;
			remoteGlobalIDString = 134814201AA4EA6300B7C361;
			remoteInfo = RCTSettings;
		};
		5E154535D7954437B6CC547A /* PBXContainerItemProxy */ = {
			isa = PBXContainerItemProxy;
			containerPortal = 8D5048D62D334EF29A92FED0 /* RCTActionSheet.xcodeproj */;
			proxyType = 2;
			remoteGlobalIDString = 134814201AA4EA6300B7C361;
			remoteInfo = RCTActionSheet;
		};
		5FA34F650ED847FD83F36055 /* PBXContainerItemProxy */ = {
			isa = PBXContainerItemProxy;
			containerPortal = FF9209D685B24AAEAB2AF416 /* RCTImage.xcodeproj */;
			proxyType = 2;
			remoteGlobalIDString = 58B5115D1A9E6B3D00147676;
			remoteInfo = RCTImage;
		};
		6E2917C03E2C4754B5DD5F26 /* PBXContainerItemProxy */ = {
			isa = PBXContainerItemProxy;
			containerPortal = 583F059B6002481A889E0BE8 /* RCTWebSocket.xcodeproj */;
			proxyType = 1;
			remoteGlobalIDString = 3C86DF451ADF2C930047B81A;
			remoteInfo = RCTWebSocket;
		};
		6EBC768F6B014E4F889E4BAA /* PBXContainerItemProxy */ = {
			isa = PBXContainerItemProxy;
			containerPortal = 62533399AC54490FAF7B4402 /* RCTVibration.xcodeproj */;
			proxyType = 2;
			remoteGlobalIDString = 832C81801AAF6DEF007FA2F7;
			remoteInfo = RCTVibration;
		};
		763D429987E54C15A5D15FC3 /* PBXContainerItemProxy */ = {
			isa = PBXContainerItemProxy;
			containerPortal = 1C8D76249D0C4DD59E8BB5D7 /* RCTGeolocation.xcodeproj */;
			proxyType = 1;
			remoteGlobalIDString = 58B511DA1A9E6C8500147676;
			remoteInfo = RCTGeolocation;
		};
		7E7BB69EFAD44C719C0B7EEA /* PBXContainerItemProxy */ = {
			isa = PBXContainerItemProxy;
			containerPortal = FF9209D685B24AAEAB2AF416 /* RCTImage.xcodeproj */;
			proxyType = 1;
			remoteGlobalIDString = 58B5115C1A9E6B3D00147676;
			remoteInfo = RCTImage;
		};
		8544F4F481724F2A85BA2DC5 /* PBXContainerItemProxy */ = {
			isa = PBXContainerItemProxy;
			containerPortal = DE15CECC4A994C1C93137284 /* RCTText.xcodeproj */;
			proxyType = 2;
			remoteGlobalIDString = 58B5119B1A9E6C1200147676;
			remoteInfo = RCTText;
		};
		87D177BED3E44F388ED4A28F /* PBXContainerItemProxy */ = {
			isa = PBXContainerItemProxy;
			containerPortal = 3F2F220309894B5EB592A0B5 /* RCTCameraRoll.xcodeproj */;
			proxyType = 1;
			remoteGlobalIDString = 58B5115C1A9E6B3D00147676;
			remoteInfo = RCTCameraRoll;
		};
		968BB42EAFE647B6A470B190 /* PBXContainerItemProxy */ = {
			isa = PBXContainerItemProxy;
			containerPortal = 74BD7FFD513A4A0EB0BCD470 /* RCTLinking.xcodeproj */;
			proxyType = 1;
			remoteGlobalIDString = 58B511DA1A9E6C8500147676;
			remoteInfo = RCTLinking;
		};
		9EDCCC80810D4FB1B160E9CF /* PBXContainerItemProxy */ = {
			isa = PBXContainerItemProxy;
			containerPortal = 5749636DFF624CD69D0DE85E /* RCTSettings.xcodeproj */;
			proxyType = 1;
			remoteGlobalIDString = 58B511DA1A9E6C8500147676;
			remoteInfo = RCTSettings;
		};
		A82F3886C3134B46996E8253 /* PBXContainerItemProxy */ = {
			isa = PBXContainerItemProxy;
			containerPortal = 1E6DCC2ED24B4D228F5234F0 /* React.xcodeproj */;
			proxyType = 1;
			remoteGlobalIDString = 83CBBA2D1A601D0E00E9B192;
			remoteInfo = React;
		};
		A8984449FE1C4D99A8A1A335 /* PBXContainerItemProxy */ = {
			isa = PBXContainerItemProxy;
			containerPortal = 1C8D76249D0C4DD59E8BB5D7 /* RCTGeolocation.xcodeproj */;
			proxyType = 2;
			remoteGlobalIDString = 134814201AA4EA6300B7C361;
			remoteInfo = RCTGeolocation;
		};
		AA2C53882FEA4C2285D7777A /* PBXContainerItemProxy */ = {
			isa = PBXContainerItemProxy;
			containerPortal = 1E6DCC2ED24B4D228F5234F0 /* React.xcodeproj */;
			proxyType = 2;
			remoteGlobalIDString = 83CBBA2E1A601D0E00E9B192;
			remoteInfo = React;
		};
		BCD09D1BFAA9405CA0A79399 /* PBXContainerItemProxy */ = {
			isa = PBXContainerItemProxy;
			containerPortal = 8D5048D62D334EF29A92FED0 /* RCTActionSheet.xcodeproj */;
			proxyType = 1;
			remoteGlobalIDString = 58B511DA1A9E6C8500147676;
			remoteInfo = RCTActionSheet;
		};
		D796994982364B1F9D9A252E /* PBXContainerItemProxy */ = {
			isa = PBXContainerItemProxy;
			containerPortal = B7F3892DB65E4319B2AD62CA /* ART.xcodeproj */;
			proxyType = 2;
			remoteGlobalIDString = 0CF68AC11AF0540F00FF9E5C;
			remoteInfo = ART;
		};
		E1F5F5BD55124CA195B7A5AC /* PBXContainerItemProxy */ = {
			isa = PBXContainerItemProxy;
			containerPortal = 3F2F220309894B5EB592A0B5 /* RCTCameraRoll.xcodeproj */;
			proxyType = 2;
			remoteGlobalIDString = 58B5115D1A9E6B3D00147676;
			remoteInfo = RCTCameraRoll;
		};
/* End PBXContainerItemProxy section */

/* Begin PBXFileReference section */
		12F987A6CBEC4104BDFA6453 /* CodePush.xcodeproj */ = {isa = PBXFileReference; explicitFileType = undefined; fileEncoding = 9; includeInIndex = 0; lastKnownFileType = "wrapper.pb-project"; name = CodePush.xcodeproj; path = CodePush/CodePush.xcodeproj; sourceTree = "<group>"; };
		1C8D76249D0C4DD59E8BB5D7 /* RCTGeolocation.xcodeproj */ = {isa = PBXFileReference; explicitFileType = undefined; fileEncoding = 9; includeInIndex = 0; lastKnownFileType = "wrapper.pb-project"; name = RCTGeolocation.xcodeproj; path = ReactNative/Geolocation/RCTGeolocation.xcodeproj; sourceTree = "<group>"; };
		1E6DCC2ED24B4D228F5234F0 /* React.xcodeproj */ = {isa = PBXFileReference; explicitFileType = undefined; fileEncoding = 9; includeInIndex = 0; lastKnownFileType = "wrapper.pb-project"; name = React.xcodeproj; path = ReactNative/React/React.xcodeproj; sourceTree = "<group>"; };
		223A89451E89CDC70092741E /* MiniApp.jsbundle */ = {isa = PBXFileReference; fileEncoding = 4; lastKnownFileType = text; path = MiniApp.jsbundle; sourceTree = "<group>"; };
		2265A4A11EB26943007D6C3D /* Info.plist */ = {isa = PBXFileReference; fileEncoding = 4; lastKnownFileType = text.plist.xml; path = Info.plist; sourceTree = "<group>"; };
		22BF1FEA1E8DAAF800E7F500 /* assets */ = {isa = PBXFileReference; lastKnownFileType = folder; path = assets; sourceTree = "<group>"; };
		22CB683D20C9C46A0031A349 /* Project-QADeployment.xcconfig */ = {isa = PBXFileReference; fileEncoding = 4; lastKnownFileType = text.xcconfig; path = "Project-QADeployment.xcconfig"; sourceTree = "<group>"; };
		22CB683E20C9C46A0031A349 /* Project-Release.xcconfig */ = {isa = PBXFileReference; fileEncoding = 4; lastKnownFileType = text.xcconfig; path = "Project-Release.xcconfig"; sourceTree = "<group>"; };
		22CB684020C9C46A0031A349 /* ElectrodeContainer-QADeployment.xcconfig */ = {isa = PBXFileReference; fileEncoding = 4; lastKnownFileType = text.xcconfig; path = "ElectrodeContainer-QADeployment.xcconfig"; sourceTree = "<group>"; };
		22CB684120C9C46A0031A349 /* ElectrodeContainer-Debug.xcconfig */ = {isa = PBXFileReference; fileEncoding = 4; lastKnownFileType = text.xcconfig; path = "ElectrodeContainer-Debug.xcconfig"; sourceTree = "<group>"; };
		22CB684220C9C46A0031A349 /* ElectrodeContainer-Release.xcconfig */ = {isa = PBXFileReference; fileEncoding = 4; lastKnownFileType = text.xcconfig; path = "ElectrodeContainer-Release.xcconfig"; sourceTree = "<group>"; };
		22CB684420C9C46A0031A349 /* ElectrodeContainerTests-Release.xcconfig */ = {isa = PBXFileReference; fileEncoding = 4; lastKnownFileType = text.xcconfig; path = "ElectrodeContainerTests-Release.xcconfig"; sourceTree = "<group>"; };
		22CB684620C9C46A0031A349 /* ElectrodeContainerTests-QADeployment.xcconfig */ = {isa = PBXFileReference; fileEncoding = 4; lastKnownFileType = text.xcconfig; path = "ElectrodeContainerTests-QADeployment.xcconfig"; sourceTree = "<group>"; };
		22CB684720C9C46A0031A349 /* Project-Debug.xcconfig */ = {isa = PBXFileReference; fileEncoding = 4; lastKnownFileType = text.xcconfig; path = "Project-Debug.xcconfig"; sourceTree = "<group>"; };
		22CB684820C9C46B0031A349 /* ElectrodeContainerTests-Debug.xcconfig */ = {isa = PBXFileReference; fileEncoding = 4; lastKnownFileType = text.xcconfig; path = "ElectrodeContainerTests-Debug.xcconfig"; sourceTree = "<group>"; };
		301CB9001F33F3450048C58B /* NSBundle+frameworkBundle.m */ = {isa = PBXFileReference; fileEncoding = 4; lastKnownFileType = sourcecode.c.objc; path = "NSBundle+frameworkBundle.m"; sourceTree = "<group>"; };
		301CB9011F33F3450048C58B /* NSBundle+frameworkBundle.h */ = {isa = PBXFileReference; fileEncoding = 4; lastKnownFileType = sourcecode.c.h; path = "NSBundle+frameworkBundle.h"; sourceTree = "<group>"; };
		304000E72098E1F000BF751C /* ElectrodePluginConfig.h */ = {isa = PBXFileReference; lastKnownFileType = sourcecode.c.h; path = ElectrodePluginConfig.h; sourceTree = "<group>"; };
		30F8CDED1E67946E00413247 /* ElectrodeReactNative_Internal.h */ = {isa = PBXFileReference; fileEncoding = 4; lastKnownFileType = sourcecode.c.h; path = ElectrodeReactNative_Internal.h; sourceTree = "<group>"; };
		3F2F220309894B5EB592A0B5 /* RCTCameraRoll.xcodeproj */ = {isa = PBXFileReference; explicitFileType = undefined; fileEncoding = 9; includeInIndex = 0; lastKnownFileType = "wrapper.pb-project"; name = RCTCameraRoll.xcodeproj; path = ReactNative/CameraRoll/RCTCameraRoll.xcodeproj; sourceTree = "<group>"; };
		485009E31E2FF23B009B6610 /* ElectrodeContainer.framework */ = {isa = PBXFileReference; explicitFileType = wrapper.framework; includeInIndex = 0; path = ElectrodeContainer.framework; sourceTree = BUILT_PRODUCTS_DIR; };
		485009E61E2FF23B009B6610 /* ElectrodeContainer.h */ = {isa = PBXFileReference; lastKnownFileType = sourcecode.c.h; path = ElectrodeContainer.h; sourceTree = "<group>"; };
		485009EC1E2FF23C009B6610 /* ElectrodeContainerTests.xctest */ = {isa = PBXFileReference; explicitFileType = wrapper.cfbundle; includeInIndex = 0; path = ElectrodeContainerTests.xctest; sourceTree = BUILT_PRODUCTS_DIR; };
		485009F31E2FF23C009B6610 /* Info.plist */ = {isa = PBXFileReference; lastKnownFileType = text.plist.xml; path = Info.plist; sourceTree = "<group>"; };
		48500A961E2FF55B009B6610 /* ElectrodeReactNative.h */ = {isa = PBXFileReference; fileEncoding = 4; lastKnownFileType = sourcecode.c.h; path = ElectrodeReactNative.h; sourceTree = "<group>"; };
		48500A971E2FF55B009B6610 /* ElectrodeReactNative.m */ = {isa = PBXFileReference; fileEncoding = 4; lastKnownFileType = sourcecode.c.objc; path = ElectrodeReactNative.m; sourceTree = "<group>"; wrapsLines = 0; };
		5749636DFF624CD69D0DE85E /* RCTSettings.xcodeproj */ = {isa = PBXFileReference; explicitFileType = undefined; fileEncoding = 9; includeInIndex = 0; lastKnownFileType = "wrapper.pb-project"; name = RCTSettings.xcodeproj; path = ReactNative/Settings/RCTSettings.xcodeproj; sourceTree = "<group>"; };
		583F059B6002481A889E0BE8 /* RCTWebSocket.xcodeproj */ = {isa = PBXFileReference; explicitFileType = undefined; fileEncoding = 9; includeInIndex = 0; lastKnownFileType = "wrapper.pb-project"; name = RCTWebSocket.xcodeproj; path = ReactNative/WebSocket/RCTWebSocket.xcodeproj; sourceTree = "<group>"; };
		5B968AB492EC4CBC93DAE601 /* RCTNetwork.xcodeproj */ = {isa = PBXFileReference; explicitFileType = undefined; fileEncoding = 9; includeInIndex = 0; lastKnownFileType = "wrapper.pb-project"; name = RCTNetwork.xcodeproj; path = ReactNative/Network/RCTNetwork.xcodeproj; sourceTree = "<group>"; };
		62533399AC54490FAF7B4402 /* RCTVibration.xcodeproj */ = {isa = PBXFileReference; explicitFileType = undefined; fileEncoding = 9; includeInIndex = 0; lastKnownFileType = "wrapper.pb-project"; name = RCTVibration.xcodeproj; path = ReactNative/Vibration/RCTVibration.xcodeproj; sourceTree = "<group>"; };
		74BD7FFD513A4A0EB0BCD470 /* RCTLinking.xcodeproj */ = {isa = PBXFileReference; explicitFileType = undefined; fileEncoding = 9; includeInIndex = 0; lastKnownFileType = "wrapper.pb-project"; name = RCTLinking.xcodeproj; path = ReactNative/LinkingIOS/RCTLinking.xcodeproj; sourceTree = "<group>"; };
		7860644743E44FF5A725042D /* RCTAnimation.xcodeproj */ = {isa = PBXFileReference; explicitFileType = undefined; fileEncoding = 9; includeInIndex = 0; lastKnownFileType = "wrapper.pb-project"; name = RCTAnimation.xcodeproj; path = ReactNative/NativeAnimation/RCTAnimation.xcodeproj; sourceTree = "<group>"; };
		794A33F81A254307994D773E /* libz.tbd */ = {isa = PBXFileReference; explicitFileType = undefined; fileEncoding = 9; includeInIndex = 0; lastKnownFileType = "sourcecode.text-based-dylib-definition"; name = libz.tbd; path = usr/lib/libz.tbd; sourceTree = SDKROOT; };
		8D5048D62D334EF29A92FED0 /* RCTActionSheet.xcodeproj */ = {isa = PBXFileReference; explicitFileType = undefined; fileEncoding = 9; includeInIndex = 0; lastKnownFileType = "wrapper.pb-project"; name = RCTActionSheet.xcodeproj; path = ReactNative/ActionSheetIOS/RCTActionSheet.xcodeproj; sourceTree = "<group>"; };
		968333D51E54E3470031C565 /* ElectrodeBridgeDelegate.h */ = {isa = PBXFileReference; fileEncoding = 4; lastKnownFileType = sourcecode.c.h; path = ElectrodeBridgeDelegate.h; sourceTree = "<group>"; };
		968333D61E54E3470031C565 /* ElectrodeBridgeDelegate.m */ = {isa = PBXFileReference; fileEncoding = 4; lastKnownFileType = sourcecode.c.objc; path = ElectrodeBridgeDelegate.m; sourceTree = "<group>"; };
		B7F3892DB65E4319B2AD62CA /* ART.xcodeproj */ = {isa = PBXFileReference; explicitFileType = undefined; fileEncoding = 9; includeInIndex = 0; lastKnownFileType = "wrapper.pb-project"; name = ART.xcodeproj; path = ReactNative/ART/ART.xcodeproj; sourceTree = "<group>"; };
		BEDF664D2E9A420280108D10 /* ElectrodeCodePushConfig.m */ = {isa = PBXFileReference; explicitFileType = undefined; fileEncoding = 4; includeInIndex = 0; lastKnownFileType = sourcecode.c.objc; path = ElectrodeCodePushConfig.m; sourceTree = "<group>"; };
		D0DB3DE581C24E81927F6B12 /* ElectrodeCodePushConfig.h */ = {isa = PBXFileReference; explicitFileType = undefined; fileEncoding = 4; includeInIndex = 0; lastKnownFileType = sourcecode.c.h; path = ElectrodeCodePushConfig.h; sourceTree = "<group>"; };
		DE15CECC4A994C1C93137284 /* RCTText.xcodeproj */ = {isa = PBXFileReference; explicitFileType = undefined; fileEncoding = 9; includeInIndex = 0; lastKnownFileType = "wrapper.pb-project"; name = RCTText.xcodeproj; path = ReactNative/Text/RCTText.xcodeproj; sourceTree = "<group>"; };
		FF9209D685B24AAEAB2AF416 /* RCTImage.xcodeproj */ = {isa = PBXFileReference; explicitFileType = undefined; fileEncoding = 9; includeInIndex = 0; lastKnownFileType = "wrapper.pb-project"; name = RCTImage.xcodeproj; path = ReactNative/Image/RCTImage.xcodeproj; sourceTree = "<group>"; };
/* End PBXFileReference section */

/* Begin PBXFrameworksBuildPhase section */
		485009DF1E2FF23B009B6610 /* Frameworks */ = {
			isa = PBXFrameworksBuildPhase;
			buildActionMask = 2147483647;
			files = (
				F099E6D2EA8A43D8AF188445 /* libReact.a in Frameworks */,
				EDA5176C6F704C33B5941B02 /* libRCTActionSheet.a in Frameworks */,
				C0DD92BE02F94A75B90EF95A /* libRCTImage.a in Frameworks */,
				BDF54AAFD765483B9C942B9E /* libRCTAnimation.a in Frameworks */,
				AE8287F6A0B940FA8505BF73 /* libRCTText.a in Frameworks */,
				014C1862E48E4451A9FACDF3 /* libRCTWebSocket.a in Frameworks */,
				B235675BC307401E956E4EF1 /* libRCTGeolocation.a in Frameworks */,
				C29B8CB1DF274D498388BDD3 /* libRCTLinking.a in Frameworks */,
				D4BE29EED40D41CF91D112E7 /* libRCTNetwork.a in Frameworks */,
				580E6EB1F3C947258C661D09 /* libRCTSettings.a in Frameworks */,
				D2B52F129CE14D488B1908C7 /* libRCTVibration.a in Frameworks */,
				11357B9926BE4C52AD104352 /* libRCTCameraRoll.a in Frameworks */,
				6A4DE2D1BA644C82969245C6 /* libART.a in Frameworks */,
				6574FF567679485FB1998B63 /* libCodePush.a in Frameworks */,
				E69DBDFC02E7461CBE84D02B /* libz.tbd in Frameworks */,
			);
			runOnlyForDeploymentPostprocessing = 0;
		};
		485009E91E2FF23C009B6610 /* Frameworks */ = {
			isa = PBXFrameworksBuildPhase;
			buildActionMask = 2147483647;
			files = (
				485009ED1E2FF23C009B6610 /* ElectrodeContainer.framework in Frameworks */,
			);
			runOnlyForDeploymentPostprocessing = 0;
		};
/* End PBXFrameworksBuildPhase section */

/* Begin PBXGroup section */
		1A898C4522153EFB00478E2F /* Recovered References */ = {
			isa = PBXGroup;
			children = (
				794A33F81A254307994D773E /* libz.tbd */,
			);
			name = "Recovered References";
			sourceTree = "<group>";
		};
		2226BEFB14DD4C2BB7C5B2A2 /* Products */ = {
			isa = PBXGroup;
			children = (
				352A295307AB48A984D72CAA /* libRCTNetwork.a */,
				1A898C5722153F0100478E2F /* libRCTNetwork-tvOS.a */,
			);
			name = Products;
			path = undefined;
			sourceTree = "<group>";
		};
		226325CE1E80594F00CD0B10 /* ReactNative */ = {
			isa = PBXGroup;
			children = (
				1E6DCC2ED24B4D228F5234F0 /* React.xcodeproj */,
				8D5048D62D334EF29A92FED0 /* RCTActionSheet.xcodeproj */,
				FF9209D685B24AAEAB2AF416 /* RCTImage.xcodeproj */,
				7860644743E44FF5A725042D /* RCTAnimation.xcodeproj */,
				DE15CECC4A994C1C93137284 /* RCTText.xcodeproj */,
				583F059B6002481A889E0BE8 /* RCTWebSocket.xcodeproj */,
				1C8D76249D0C4DD59E8BB5D7 /* RCTGeolocation.xcodeproj */,
				74BD7FFD513A4A0EB0BCD470 /* RCTLinking.xcodeproj */,
				5B968AB492EC4CBC93DAE601 /* RCTNetwork.xcodeproj */,
				5749636DFF624CD69D0DE85E /* RCTSettings.xcodeproj */,
				62533399AC54490FAF7B4402 /* RCTVibration.xcodeproj */,
				3F2F220309894B5EB592A0B5 /* RCTCameraRoll.xcodeproj */,
				B7F3892DB65E4319B2AD62CA /* ART.xcodeproj */,
			);
			name = ReactNative;
			sourceTree = "<group>";
		};
		22C096A91EA0893F00E1486A /* APIs */ = {
			isa = PBXGroup;
			children = (
			);
			name = APIs;
			sourceTree = "<group>";
		};
		22CB67F120C9C44C0031A349 /* Config */ = {
			isa = PBXGroup;
			children = (
				22CB684120C9C46A0031A349 /* ElectrodeContainer-Debug.xcconfig */,
				22CB684020C9C46A0031A349 /* ElectrodeContainer-QADeployment.xcconfig */,
				22CB684220C9C46A0031A349 /* ElectrodeContainer-Release.xcconfig */,
				22CB684820C9C46B0031A349 /* ElectrodeContainerTests-Debug.xcconfig */,
				22CB684620C9C46A0031A349 /* ElectrodeContainerTests-QADeployment.xcconfig */,
				22CB684420C9C46A0031A349 /* ElectrodeContainerTests-Release.xcconfig */,
				22CB684720C9C46A0031A349 /* Project-Debug.xcconfig */,
				22CB683D20C9C46A0031A349 /* Project-QADeployment.xcconfig */,
				22CB683E20C9C46A0031A349 /* Project-Release.xcconfig */,
			);
			path = Config;
			sourceTree = "<group>";
		};
		22FD4D1E1E96ECBB00FC81DB /* ElectrodeReactNativeBridge */ = {
			isa = PBXGroup;
			children = (
			);
			name = ElectrodeReactNativeBridge;
			sourceTree = "<group>";
		};
		301CBA4B1F342FB00048C58B /* Resources */ = {
			isa = PBXGroup;
			children = (
			);
			name = Resources;
			sourceTree = "<group>";
		};
		3A4F8E25CD824A6D86693DAB /* Products */ = {
			isa = PBXGroup;
			children = (
				596404FEA79943888C788C0D /* libRCTCameraRoll.a */,
			);
			name = Products;
			path = undefined;
			sourceTree = "<group>";
		};
		485009D91E2FF23B009B6610 = {
			isa = PBXGroup;
			children = (
				22CB67F120C9C44C0031A349 /* Config */,
				485009E51E2FF23B009B6610 /* ElectrodeContainer */,
				485009F01E2FF23C009B6610 /* ElectrodeContainerTests */,
				485009E41E2FF23B009B6610 /* Products */,
				485009FD1E2FF25D009B6610 /* Libraries */,
				48500AA71E2FFA14009B6610 /* Frameworks */,
				1A898C4522153EFB00478E2F /* Recovered References */,
			);
			sourceTree = "<group>";
		};
		485009E41E2FF23B009B6610 /* Products */ = {
			isa = PBXGroup;
			children = (
				485009E31E2FF23B009B6610 /* ElectrodeContainer.framework */,
				485009EC1E2FF23C009B6610 /* ElectrodeContainerTests.xctest */,
			);
			name = Products;
			sourceTree = "<group>";
		};
		485009E51E2FF23B009B6610 /* ElectrodeContainer */ = {
			isa = PBXGroup;
			children = (
				7F9A82FD1FB117530026F523 /* APIImpls */,
				301CBA4B1F342FB00048C58B /* Resources */,
				2265A4A11EB26943007D6C3D /* Info.plist */,
				22C096A91EA0893F00E1486A /* APIs */,
				22FD4D1E1E96ECBB00FC81DB /* ElectrodeReactNativeBridge */,
				968333D51E54E3470031C565 /* ElectrodeBridgeDelegate.h */,
				968333D61E54E3470031C565 /* ElectrodeBridgeDelegate.m */,
				485009E61E2FF23B009B6610 /* ElectrodeContainer.h */,
				48500A961E2FF55B009B6610 /* ElectrodeReactNative.h */,
				30F8CDED1E67946E00413247 /* ElectrodeReactNative_Internal.h */,
				48500A971E2FF55B009B6610 /* ElectrodeReactNative.m */,
				301CB9011F33F3450048C58B /* NSBundle+frameworkBundle.h */,
				301CB9001F33F3450048C58B /* NSBundle+frameworkBundle.m */,
				304000E72098E1F000BF751C /* ElectrodePluginConfig.h */,
				D0DB3DE581C24E81927F6B12 /* ElectrodeCodePushConfig.h */,
				BEDF664D2E9A420280108D10 /* ElectrodeCodePushConfig.m */,
			);
			path = ElectrodeContainer;
			sourceTree = "<group>";
		};
		485009F01E2FF23C009B6610 /* ElectrodeContainerTests */ = {
			isa = PBXGroup;
			children = (
				485009F31E2FF23C009B6610 /* Info.plist */,
			);
			path = ElectrodeContainerTests;
			sourceTree = "<group>";
		};
		485009FD1E2FF25D009B6610 /* Libraries */ = {
			isa = PBXGroup;
			children = (
				226325CE1E80594F00CD0B10 /* ReactNative */,
				9654B8921E5CCA1D00AFF607 /* MiniApp */,
				12F987A6CBEC4104BDFA6453 /* CodePush.xcodeproj */,
			);
			name = Libraries;
			path = ElectrodeContainer/Libraries;
			sourceTree = "<group>";
		};
		48500AA71E2FFA14009B6610 /* Frameworks */ = {
			isa = PBXGroup;
			children = (
			);
			name = Frameworks;
			path = ElectrodeContainer/Frameworks;
			sourceTree = "<group>";
		};
		5B231FC30DC74D6696A9C6EC /* Products */ = {
			isa = PBXGroup;
			children = (
				EE3227EC866C4619A9F55C15 /* libRCTAnimation.a */,
				1A898C4E22153F0100478E2F /* libRCTAnimation.a */,
			);
			name = Products;
			path = undefined;
			sourceTree = "<group>";
		};
		5D856020DDAD43B6B2BC1057 /* Products */ = {
			isa = PBXGroup;
			children = (
				8CB855017A834364887A3501 /* libART.a */,
				1A898C4822153F0100478E2F /* libART-tvOS.a */,
			);
			name = Products;
			path = undefined;
			sourceTree = "<group>";
		};
		5E73ADC4ECF044BFA9B7B1B8 /* Products */ = {
			isa = PBXGroup;
			children = (
				B8213D189B77438FBE5E0A0A /* libRCTActionSheet.a */,
			);
			name = Products;
			path = undefined;
			sourceTree = "<group>";
		};
		6A2375C752BC4E8FB64CE217 /* Products */ = {
			isa = PBXGroup;
			children = (
				FC89FA4EFD3A4A08A4F0E0FB /* libCodePush.a */,
				1A898C4B22153F0100478E2F /* libCodePush.a */,
			);
			name = Products;
			path = undefined;
			sourceTree = "<group>";
		};
		6BA6D7D0082A4214A6CCCB43 /* Products */ = {
			isa = PBXGroup;
			children = (
				F8584B94F21749C08A841D50 /* libRCTGeolocation.a */,
			);
			name = Products;
			path = undefined;
			sourceTree = "<group>";
		};
		7F9A82FD1FB117530026F523 /* APIImpls */ = {
			isa = PBXGroup;
			children = (
			);
			name = APIImpls;
			sourceTree = "<group>";
		};
		903E074612E54D15B644A4D6 /* Products */ = {
			isa = PBXGroup;
			children = (
				187992F9AB6445D8BF63AE4E /* libRCTLinking.a */,
				1A898C5422153F0100478E2F /* libRCTLinking-tvOS.a */,
			);
			name = Products;
			path = undefined;
			sourceTree = "<group>";
		};
		9654B8921E5CCA1D00AFF607 /* MiniApp */ = {
			isa = PBXGroup;
			children = (
				22BF1FEA1E8DAAF800E7F500 /* assets */,
				223A89451E89CDC70092741E /* MiniApp.jsbundle */,
			);
			path = MiniApp;
			sourceTree = "<group>";
		};
		B2172214683B42F5A7F0BA29 /* Products */ = {
			isa = PBXGroup;
			children = (
				B67AEB10669C4A96B8B13528 /* libRCTVibration.a */,
			);
			name = Products;
			path = undefined;
			sourceTree = "<group>";
		};
		B38CA41114E940108030B32E /* Products */ = {
			isa = PBXGroup;
			children = (
				64BBD79B378C47128E66949E /* libRCTText.a */,
				1A898C5D22153F0100478E2F /* libRCTText-tvOS.a */,
			);
			name = Products;
			path = undefined;
			sourceTree = "<group>";
		};
		C11A9366E26B4D828A072016 /* Products */ = {
			isa = PBXGroup;
			children = (
				48532A4DAEB84A04BE3AB8E2 /* libReact.a */,
				1A898C7522153F0100478E2F /* libReact.a */,
				1A898C7722153F0100478E2F /* libyoga.a */,
				1A898C7922153F0100478E2F /* libyoga.a */,
				1A898C7B22153F0100478E2F /* libcxxreact.a */,
				1A898C7D22153F0100478E2F /* libcxxreact.a */,
				1A898C7F22153F0100478E2F /* libjschelpers.a */,
				1A898C8122153F0100478E2F /* libjschelpers.a */,
				1A898C8322153F0100478E2F /* libthird-party.a */,
				1A898C8522153F0100478E2F /* libthird-party.a */,
				1A898C8722153F0100478E2F /* libdouble-conversion.a */,
				1A898C8922153F0100478E2F /* libdouble-conversion.a */,
				1A898C8B22153F0100478E2F /* libprivatedata.a */,
				1A898C8D22153F0100478E2F /* libprivatedata-tvOS.a */,
			);
			name = Products;
			path = undefined;
			sourceTree = "<group>";
		};
		D8A499886B754E32808AD701 /* Products */ = {
			isa = PBXGroup;
			children = (
				D2BEE10A53FA4CF8ACFBF0B5 /* libRCTWebSocket.a */,
				1A898C6222153F0100478E2F /* libRCTWebSocket-tvOS.a */,
				1A898C6422153F0100478E2F /* libfishhook.a */,
				1A898C6622153F0100478E2F /* libfishhook-tvOS.a */,
			);
			name = Products;
			path = undefined;
			sourceTree = "<group>";
		};
		DE7CB823771B4F84AC057E47 /* Products */ = {
			isa = PBXGroup;
			children = (
				8F19960E1ED74F26AD264915 /* libRCTImage.a */,
				1A898C5122153F0100478E2F /* libRCTImage-tvOS.a */,
			);
			name = Products;
			path = undefined;
			sourceTree = "<group>";
		};
		FBBCEE68F71E4E9F9C31AB96 /* Products */ = {
			isa = PBXGroup;
			children = (
				743D78DD796B4998BAFA65EF /* libRCTSettings.a */,
				1A898C5A22153F0100478E2F /* libRCTSettings-tvOS.a */,
			);
			name = Products;
			path = undefined;
			sourceTree = "<group>";
		};
/* End PBXGroup section */

/* Begin PBXHeadersBuildPhase section */
		485009E01E2FF23B009B6610 /* Headers */ = {
			isa = PBXHeadersBuildPhase;
			buildActionMask = 2147483647;
			files = (
				485009F41E2FF23C009B6610 /* ElectrodeContainer.h in Headers */,
				968333D71E54E3470031C565 /* ElectrodeBridgeDelegate.h in Headers */,
				301CB9031F33F3450048C58B /* NSBundle+frameworkBundle.h in Headers */,
				304000E82098E1F000BF751C /* ElectrodePluginConfig.h in Headers */,
				30F8CDEE1E67946E00413247 /* ElectrodeReactNative_Internal.h in Headers */,
				48500A981E2FF55B009B6610 /* ElectrodeReactNative.h in Headers */,
				898CBC4123B04A48BCA5ED64 /* ElectrodeCodePushConfig.h in Headers */,
			);
			runOnlyForDeploymentPostprocessing = 0;
		};
/* End PBXHeadersBuildPhase section */

/* Begin PBXNativeTarget section */
		485009E21E2FF23B009B6610 /* ElectrodeContainer */ = {
			isa = PBXNativeTarget;
			buildConfigurationList = 485009F71E2FF23C009B6610 /* Build configuration list for PBXNativeTarget "ElectrodeContainer" */;
			buildPhases = (
				485009DE1E2FF23B009B6610 /* Sources */,
				485009DF1E2FF23B009B6610 /* Frameworks */,
				485009E01E2FF23B009B6610 /* Headers */,
				485009E11E2FF23B009B6610 /* Resources */,
			);
			buildRules = (
			);
			dependencies = (
				7CCCAA88C6E14662A592F467 /* PBXTargetDependency */,
				9C65AB0AE7C34D3286C25F65 /* PBXTargetDependency */,
				F1070BFFCDD0497C85440951 /* PBXTargetDependency */,
				51F2005BBB0242A8B2E9A379 /* PBXTargetDependency */,
				73641A41DCE94D14B951F5A9 /* PBXTargetDependency */,
				28021FE25B1B47F58F4E52A7 /* PBXTargetDependency */,
				07C7E57394214207A346E5AC /* PBXTargetDependency */,
				4926529035634BB19F3CB071 /* PBXTargetDependency */,
				D94406AA480E475287813524 /* PBXTargetDependency */,
				52E7D2D65CB2479FB4F1206E /* PBXTargetDependency */,
				6AEBA5B3ACC34A9B97D85A49 /* PBXTargetDependency */,
				1D07F166B4A9433BB8F09241 /* PBXTargetDependency */,
				F8C373758ADB48B19E21138E /* PBXTargetDependency */,
				5A85A926796E4E8499AC06B2 /* PBXTargetDependency */,
			);
			name = ElectrodeContainer;
			productName = ElectrodeContainer;
			productReference = 485009E31E2FF23B009B6610 /* ElectrodeContainer.framework */;
			productType = "com.apple.product-type.framework";
		};
		485009EB1E2FF23C009B6610 /* ElectrodeContainerTests */ = {
			isa = PBXNativeTarget;
			buildConfigurationList = 485009FA1E2FF23C009B6610 /* Build configuration list for PBXNativeTarget "ElectrodeContainerTests" */;
			buildPhases = (
				485009E81E2FF23C009B6610 /* Sources */,
				485009E91E2FF23C009B6610 /* Frameworks */,
				485009EA1E2FF23C009B6610 /* Resources */,
			);
			buildRules = (
			);
			dependencies = (
				485009EF1E2FF23C009B6610 /* PBXTargetDependency */,
			);
			name = ElectrodeContainerTests;
			productName = ElectrodeContainerTests;
			productReference = 485009EC1E2FF23C009B6610 /* ElectrodeContainerTests.xctest */;
			productType = "com.apple.product-type.bundle.unit-test";
		};
/* End PBXNativeTarget section */

/* Begin PBXProject section */
		485009DA1E2FF23B009B6610 /* Project object */ = {
			isa = PBXProject;
			attributes = {
				LastUpgradeCheck = 920;
				ORGANIZATIONNAME = Walmart;
				TargetAttributes = {
					485009E21E2FF23B009B6610 = {
						CreatedOnToolsVersion = 8.2.1;
						ProvisioningStyle = Automatic;
					};
					485009EB1E2FF23C009B6610 = {
						CreatedOnToolsVersion = 8.2.1;
						DevelopmentTeam = DXZ5VF8836;
						ProvisioningStyle = Automatic;
					};
				};
			};
			buildConfigurationList = 485009DD1E2FF23B009B6610 /* Build configuration list for PBXProject "ElectrodeContainer" */;
			compatibilityVersion = "Xcode 3.2";
			developmentRegion = English;
			hasScannedForEncodings = 0;
			knownRegions = (
				en,
			);
			mainGroup = 485009D91E2FF23B009B6610;
			productRefGroup = 485009E41E2FF23B009B6610 /* Products */;
			projectDirPath = "";
			projectReferences = (
				{
					ProductGroup = 5D856020DDAD43B6B2BC1057 /* Products */;
					ProjectRef = B7F3892DB65E4319B2AD62CA /* ART.xcodeproj */;
				},
				{
					ProductGroup = 6A2375C752BC4E8FB64CE217 /* Products */;
					ProjectRef = 12F987A6CBEC4104BDFA6453 /* CodePush.xcodeproj */;
				},
				{
					ProductGroup = 5E73ADC4ECF044BFA9B7B1B8 /* Products */;
					ProjectRef = 8D5048D62D334EF29A92FED0 /* RCTActionSheet.xcodeproj */;
				},
				{
					ProductGroup = 5B231FC30DC74D6696A9C6EC /* Products */;
					ProjectRef = 7860644743E44FF5A725042D /* RCTAnimation.xcodeproj */;
				},
				{
					ProductGroup = 3A4F8E25CD824A6D86693DAB /* Products */;
					ProjectRef = 3F2F220309894B5EB592A0B5 /* RCTCameraRoll.xcodeproj */;
				},
				{
					ProductGroup = 6BA6D7D0082A4214A6CCCB43 /* Products */;
					ProjectRef = 1C8D76249D0C4DD59E8BB5D7 /* RCTGeolocation.xcodeproj */;
				},
				{
					ProductGroup = DE7CB823771B4F84AC057E47 /* Products */;
					ProjectRef = FF9209D685B24AAEAB2AF416 /* RCTImage.xcodeproj */;
				},
				{
					ProductGroup = 903E074612E54D15B644A4D6 /* Products */;
					ProjectRef = 74BD7FFD513A4A0EB0BCD470 /* RCTLinking.xcodeproj */;
				},
				{
					ProductGroup = 2226BEFB14DD4C2BB7C5B2A2 /* Products */;
					ProjectRef = 5B968AB492EC4CBC93DAE601 /* RCTNetwork.xcodeproj */;
				},
				{
					ProductGroup = FBBCEE68F71E4E9F9C31AB96 /* Products */;
					ProjectRef = 5749636DFF624CD69D0DE85E /* RCTSettings.xcodeproj */;
				},
				{
					ProductGroup = B38CA41114E940108030B32E /* Products */;
					ProjectRef = DE15CECC4A994C1C93137284 /* RCTText.xcodeproj */;
				},
				{
					ProductGroup = B2172214683B42F5A7F0BA29 /* Products */;
					ProjectRef = 62533399AC54490FAF7B4402 /* RCTVibration.xcodeproj */;
				},
				{
					ProductGroup = D8A499886B754E32808AD701 /* Products */;
					ProjectRef = 583F059B6002481A889E0BE8 /* RCTWebSocket.xcodeproj */;
				},
				{
					ProductGroup = C11A9366E26B4D828A072016 /* Products */;
					ProjectRef = 1E6DCC2ED24B4D228F5234F0 /* React.xcodeproj */;
				},
			);
			projectRoot = "";
			targets = (
				485009E21E2FF23B009B6610 /* ElectrodeContainer */,
				485009EB1E2FF23C009B6610 /* ElectrodeContainerTests */,
			);
		};
/* End PBXProject section */

/* Begin PBXReferenceProxy section */
		187992F9AB6445D8BF63AE4E /* libRCTLinking.a */ = {
			isa = PBXReferenceProxy;
			fileType = archive.ar;
			path = libRCTLinking.a;
			remoteRef = 1020EE28E6124C2FB204BE2A /* PBXContainerItemProxy */;
			sourceTree = BUILT_PRODUCTS_DIR;
		};
		1A898C4822153F0100478E2F /* libART-tvOS.a */ = {
			isa = PBXReferenceProxy;
			fileType = archive.ar;
			path = "libART-tvOS.a";
			remoteRef = 1A898C4722153F0100478E2F /* PBXContainerItemProxy */;
			sourceTree = BUILT_PRODUCTS_DIR;
		};
		1A898C4B22153F0100478E2F /* libCodePush.a */ = {
			isa = PBXReferenceProxy;
			fileType = archive.ar;
			path = libCodePush.a;
			remoteRef = 1A898C4A22153F0100478E2F /* PBXContainerItemProxy */;
			sourceTree = BUILT_PRODUCTS_DIR;
		};
		1A898C4E22153F0100478E2F /* libRCTAnimation.a */ = {
			isa = PBXReferenceProxy;
			fileType = archive.ar;
			path = libRCTAnimation.a;
			remoteRef = 1A898C4D22153F0100478E2F /* PBXContainerItemProxy */;
			sourceTree = BUILT_PRODUCTS_DIR;
		};
		1A898C5122153F0100478E2F /* libRCTImage-tvOS.a */ = {
			isa = PBXReferenceProxy;
			fileType = archive.ar;
			path = "libRCTImage-tvOS.a";
			remoteRef = 1A898C5022153F0100478E2F /* PBXContainerItemProxy */;
			sourceTree = BUILT_PRODUCTS_DIR;
		};
		1A898C5422153F0100478E2F /* libRCTLinking-tvOS.a */ = {
			isa = PBXReferenceProxy;
			fileType = archive.ar;
			path = "libRCTLinking-tvOS.a";
			remoteRef = 1A898C5322153F0100478E2F /* PBXContainerItemProxy */;
			sourceTree = BUILT_PRODUCTS_DIR;
		};
		1A898C5722153F0100478E2F /* libRCTNetwork-tvOS.a */ = {
			isa = PBXReferenceProxy;
			fileType = archive.ar;
			path = "libRCTNetwork-tvOS.a";
			remoteRef = 1A898C5622153F0100478E2F /* PBXContainerItemProxy */;
			sourceTree = BUILT_PRODUCTS_DIR;
		};
		1A898C5A22153F0100478E2F /* libRCTSettings-tvOS.a */ = {
			isa = PBXReferenceProxy;
			fileType = archive.ar;
			path = "libRCTSettings-tvOS.a";
			remoteRef = 1A898C5922153F0100478E2F /* PBXContainerItemProxy */;
			sourceTree = BUILT_PRODUCTS_DIR;
		};
		1A898C5D22153F0100478E2F /* libRCTText-tvOS.a */ = {
			isa = PBXReferenceProxy;
			fileType = archive.ar;
			path = "libRCTText-tvOS.a";
			remoteRef = 1A898C5C22153F0100478E2F /* PBXContainerItemProxy */;
			sourceTree = BUILT_PRODUCTS_DIR;
		};
		1A898C6222153F0100478E2F /* libRCTWebSocket-tvOS.a */ = {
			isa = PBXReferenceProxy;
			fileType = archive.ar;
			path = "libRCTWebSocket-tvOS.a";
			remoteRef = 1A898C6122153F0100478E2F /* PBXContainerItemProxy */;
			sourceTree = BUILT_PRODUCTS_DIR;
		};
		1A898C6422153F0100478E2F /* libfishhook.a */ = {
			isa = PBXReferenceProxy;
			fileType = archive.ar;
			path = libfishhook.a;
			remoteRef = 1A898C6322153F0100478E2F /* PBXContainerItemProxy */;
			sourceTree = BUILT_PRODUCTS_DIR;
		};
		1A898C6622153F0100478E2F /* libfishhook-tvOS.a */ = {
			isa = PBXReferenceProxy;
			fileType = archive.ar;
			path = "libfishhook-tvOS.a";
			remoteRef = 1A898C6522153F0100478E2F /* PBXContainerItemProxy */;
			sourceTree = BUILT_PRODUCTS_DIR;
		};
		1A898C7522153F0100478E2F /* libReact.a */ = {
			isa = PBXReferenceProxy;
			fileType = archive.ar;
			path = libReact.a;
			remoteRef = 1A898C7422153F0100478E2F /* PBXContainerItemProxy */;
			sourceTree = BUILT_PRODUCTS_DIR;
		};
		1A898C7722153F0100478E2F /* libyoga.a */ = {
			isa = PBXReferenceProxy;
			fileType = archive.ar;
			path = libyoga.a;
			remoteRef = 1A898C7622153F0100478E2F /* PBXContainerItemProxy */;
			sourceTree = BUILT_PRODUCTS_DIR;
		};
		1A898C7922153F0100478E2F /* libyoga.a */ = {
			isa = PBXReferenceProxy;
			fileType = archive.ar;
			path = libyoga.a;
			remoteRef = 1A898C7822153F0100478E2F /* PBXContainerItemProxy */;
			sourceTree = BUILT_PRODUCTS_DIR;
		};
		1A898C7B22153F0100478E2F /* libcxxreact.a */ = {
			isa = PBXReferenceProxy;
			fileType = archive.ar;
			path = libcxxreact.a;
			remoteRef = 1A898C7A22153F0100478E2F /* PBXContainerItemProxy */;
			sourceTree = BUILT_PRODUCTS_DIR;
		};
		1A898C7D22153F0100478E2F /* libcxxreact.a */ = {
			isa = PBXReferenceProxy;
			fileType = archive.ar;
			path = libcxxreact.a;
			remoteRef = 1A898C7C22153F0100478E2F /* PBXContainerItemProxy */;
			sourceTree = BUILT_PRODUCTS_DIR;
		};
		1A898C7F22153F0100478E2F /* libjschelpers.a */ = {
			isa = PBXReferenceProxy;
			fileType = archive.ar;
			path = libjschelpers.a;
			remoteRef = 1A898C7E22153F0100478E2F /* PBXContainerItemProxy */;
			sourceTree = BUILT_PRODUCTS_DIR;
		};
		1A898C8122153F0100478E2F /* libjschelpers.a */ = {
			isa = PBXReferenceProxy;
			fileType = archive.ar;
			path = libjschelpers.a;
			remoteRef = 1A898C8022153F0100478E2F /* PBXContainerItemProxy */;
			sourceTree = BUILT_PRODUCTS_DIR;
		};
		1A898C8322153F0100478E2F /* libthird-party.a */ = {
			isa = PBXReferenceProxy;
			fileType = archive.ar;
			path = "libthird-party.a";
			remoteRef = 1A898C8222153F0100478E2F /* PBXContainerItemProxy */;
			sourceTree = BUILT_PRODUCTS_DIR;
		};
		1A898C8522153F0100478E2F /* libthird-party.a */ = {
			isa = PBXReferenceProxy;
			fileType = archive.ar;
			path = "libthird-party.a";
			remoteRef = 1A898C8422153F0100478E2F /* PBXContainerItemProxy */;
			sourceTree = BUILT_PRODUCTS_DIR;
		};
		1A898C8722153F0100478E2F /* libdouble-conversion.a */ = {
			isa = PBXReferenceProxy;
			fileType = archive.ar;
			path = "libdouble-conversion.a";
			remoteRef = 1A898C8622153F0100478E2F /* PBXContainerItemProxy */;
			sourceTree = BUILT_PRODUCTS_DIR;
		};
		1A898C8922153F0100478E2F /* libdouble-conversion.a */ = {
			isa = PBXReferenceProxy;
			fileType = archive.ar;
			path = "libdouble-conversion.a";
			remoteRef = 1A898C8822153F0100478E2F /* PBXContainerItemProxy */;
			sourceTree = BUILT_PRODUCTS_DIR;
		};
		1A898C8B22153F0100478E2F /* libprivatedata.a */ = {
			isa = PBXReferenceProxy;
			fileType = archive.ar;
			path = libprivatedata.a;
			remoteRef = 1A898C8A22153F0100478E2F /* PBXContainerItemProxy */;
			sourceTree = BUILT_PRODUCTS_DIR;
		};
		1A898C8D22153F0100478E2F /* libprivatedata-tvOS.a */ = {
			isa = PBXReferenceProxy;
			fileType = archive.ar;
			path = "libprivatedata-tvOS.a";
			remoteRef = 1A898C8C22153F0100478E2F /* PBXContainerItemProxy */;
			sourceTree = BUILT_PRODUCTS_DIR;
		};
		352A295307AB48A984D72CAA /* libRCTNetwork.a */ = {
			isa = PBXReferenceProxy;
			fileType = archive.ar;
			path = libRCTNetwork.a;
			remoteRef = 0BC3849BAF9243F699CBE543 /* PBXContainerItemProxy */;
			sourceTree = BUILT_PRODUCTS_DIR;
		};
		48532A4DAEB84A04BE3AB8E2 /* libReact.a */ = {
			isa = PBXReferenceProxy;
			fileType = archive.ar;
			path = libReact.a;
			remoteRef = AA2C53882FEA4C2285D7777A /* PBXContainerItemProxy */;
			sourceTree = BUILT_PRODUCTS_DIR;
		};
		596404FEA79943888C788C0D /* libRCTCameraRoll.a */ = {
			isa = PBXReferenceProxy;
			fileType = archive.ar;
			path = libRCTCameraRoll.a;
			remoteRef = E1F5F5BD55124CA195B7A5AC /* PBXContainerItemProxy */;
			sourceTree = BUILT_PRODUCTS_DIR;
		};
		64BBD79B378C47128E66949E /* libRCTText.a */ = {
			isa = PBXReferenceProxy;
			fileType = archive.ar;
			path = libRCTText.a;
			remoteRef = 8544F4F481724F2A85BA2DC5 /* PBXContainerItemProxy */;
			sourceTree = BUILT_PRODUCTS_DIR;
		};
		743D78DD796B4998BAFA65EF /* libRCTSettings.a */ = {
			isa = PBXReferenceProxy;
			fileType = archive.ar;
			path = libRCTSettings.a;
			remoteRef = 514EADF185054D93A112F5C4 /* PBXContainerItemProxy */;
			sourceTree = BUILT_PRODUCTS_DIR;
		};
		8CB855017A834364887A3501 /* libART.a */ = {
			isa = PBXReferenceProxy;
			fileType = archive.ar;
			path = libART.a;
			remoteRef = D796994982364B1F9D9A252E /* PBXContainerItemProxy */;
			sourceTree = BUILT_PRODUCTS_DIR;
		};
		8F19960E1ED74F26AD264915 /* libRCTImage.a */ = {
			isa = PBXReferenceProxy;
			fileType = archive.ar;
			path = libRCTImage.a;
			remoteRef = 5FA34F650ED847FD83F36055 /* PBXContainerItemProxy */;
			sourceTree = BUILT_PRODUCTS_DIR;
		};
		B67AEB10669C4A96B8B13528 /* libRCTVibration.a */ = {
			isa = PBXReferenceProxy;
			fileType = archive.ar;
			path = libRCTVibration.a;
			remoteRef = 6EBC768F6B014E4F889E4BAA /* PBXContainerItemProxy */;
			sourceTree = BUILT_PRODUCTS_DIR;
		};
		B8213D189B77438FBE5E0A0A /* libRCTActionSheet.a */ = {
			isa = PBXReferenceProxy;
			fileType = archive.ar;
			path = libRCTActionSheet.a;
			remoteRef = 5E154535D7954437B6CC547A /* PBXContainerItemProxy */;
			sourceTree = BUILT_PRODUCTS_DIR;
		};
		D2BEE10A53FA4CF8ACFBF0B5 /* libRCTWebSocket.a */ = {
			isa = PBXReferenceProxy;
			fileType = archive.ar;
			path = libRCTWebSocket.a;
			remoteRef = 08CA975031C1494E8620D21B /* PBXContainerItemProxy */;
			sourceTree = BUILT_PRODUCTS_DIR;
		};
		EE3227EC866C4619A9F55C15 /* libRCTAnimation.a */ = {
			isa = PBXReferenceProxy;
			fileType = archive.ar;
			path = libRCTAnimation.a;
			remoteRef = 2D8E85B4EB2442E0A6767D24 /* PBXContainerItemProxy */;
			sourceTree = BUILT_PRODUCTS_DIR;
		};
		F8584B94F21749C08A841D50 /* libRCTGeolocation.a */ = {
			isa = PBXReferenceProxy;
			fileType = archive.ar;
			path = libRCTGeolocation.a;
			remoteRef = A8984449FE1C4D99A8A1A335 /* PBXContainerItemProxy */;
			sourceTree = BUILT_PRODUCTS_DIR;
		};
		FC89FA4EFD3A4A08A4F0E0FB /* libCodePush.a */ = {
			isa = PBXReferenceProxy;
			fileType = archive.ar;
			path = libCodePush.a;
			remoteRef = 314841816E254BEC9CF6536D /* PBXContainerItemProxy */;
			sourceTree = BUILT_PRODUCTS_DIR;
		};
/* End PBXReferenceProxy section */

/* Begin PBXResourcesBuildPhase section */
		485009E11E2FF23B009B6610 /* Resources */ = {
			isa = PBXResourcesBuildPhase;
			buildActionMask = 2147483647;
			files = (
				22BF1FEB1E8DAAF800E7F500 /* assets in Resources */,
				223A89461E89CDC70092741E /* MiniApp.jsbundle in Resources */,
			);
			runOnlyForDeploymentPostprocessing = 0;
		};
		485009EA1E2FF23C009B6610 /* Resources */ = {
			isa = PBXResourcesBuildPhase;
			buildActionMask = 2147483647;
			files = (
			);
			runOnlyForDeploymentPostprocessing = 0;
		};
/* End PBXResourcesBuildPhase section */

/* Begin PBXSourcesBuildPhase section */
		485009DE1E2FF23B009B6610 /* Sources */ = {
			isa = PBXSourcesBuildPhase;
			buildActionMask = 2147483647;
			files = (
				48500A991E2FF55B009B6610 /* ElectrodeReactNative.m in Sources */,
				301CB9021F33F3450048C58B /* NSBundle+frameworkBundle.m in Sources */,
				968333D81E54E3470031C565 /* ElectrodeBridgeDelegate.m in Sources */,
				F66EB091D57441B5877DB9CF /* ElectrodeCodePushConfig.m in Sources */,
			);
			runOnlyForDeploymentPostprocessing = 0;
		};
		485009E81E2FF23C009B6610 /* Sources */ = {
			isa = PBXSourcesBuildPhase;
			buildActionMask = 2147483647;
			files = (
			);
			runOnlyForDeploymentPostprocessing = 0;
		};
/* End PBXSourcesBuildPhase section */

/* Begin PBXTargetDependency section */
		07C7E57394214207A346E5AC /* PBXTargetDependency */ = {
			isa = PBXTargetDependency;
			name = RCTGeolocation;
			targetProxy = 763D429987E54C15A5D15FC3 /* PBXContainerItemProxy */;
		};
		1D07F166B4A9433BB8F09241 /* PBXTargetDependency */ = {
			isa = PBXTargetDependency;
			name = RCTCameraRoll;
			targetProxy = 87D177BED3E44F388ED4A28F /* PBXContainerItemProxy */;
		};
		28021FE25B1B47F58F4E52A7 /* PBXTargetDependency */ = {
			isa = PBXTargetDependency;
			name = RCTWebSocket;
			targetProxy = 6E2917C03E2C4754B5DD5F26 /* PBXContainerItemProxy */;
		};
		485009EF1E2FF23C009B6610 /* PBXTargetDependency */ = {
			isa = PBXTargetDependency;
			target = 485009E21E2FF23B009B6610 /* ElectrodeContainer */;
			targetProxy = 485009EE1E2FF23C009B6610 /* PBXContainerItemProxy */;
		};
		4926529035634BB19F3CB071 /* PBXTargetDependency */ = {
			isa = PBXTargetDependency;
			name = RCTLinking;
			targetProxy = 968BB42EAFE647B6A470B190 /* PBXContainerItemProxy */;
		};
		51F2005BBB0242A8B2E9A379 /* PBXTargetDependency */ = {
			isa = PBXTargetDependency;
			name = RCTAnimation;
			targetProxy = 118A4C9D8C014D78BD63A884 /* PBXContainerItemProxy */;
		};
		52E7D2D65CB2479FB4F1206E /* PBXTargetDependency */ = {
			isa = PBXTargetDependency;
			name = RCTSettings;
			targetProxy = 9EDCCC80810D4FB1B160E9CF /* PBXContainerItemProxy */;
		};
		5A85A926796E4E8499AC06B2 /* PBXTargetDependency */ = {
			isa = PBXTargetDependency;
			name = CodePush;
			targetProxy = 2279251875544BEEB93C4E11 /* PBXContainerItemProxy */;
		};
		6AEBA5B3ACC34A9B97D85A49 /* PBXTargetDependency */ = {
			isa = PBXTargetDependency;
			name = RCTVibration;
			targetProxy = 39DB5E0E4A094D5FAE3BDD07 /* PBXContainerItemProxy */;
		};
		73641A41DCE94D14B951F5A9 /* PBXTargetDependency */ = {
			isa = PBXTargetDependency;
			name = RCTText;
			targetProxy = 1685AB2C19C44789A32A14CF /* PBXContainerItemProxy */;
		};
		7CCCAA88C6E14662A592F467 /* PBXTargetDependency */ = {
			isa = PBXTargetDependency;
			name = React;
			targetProxy = A82F3886C3134B46996E8253 /* PBXContainerItemProxy */;
		};
		9C65AB0AE7C34D3286C25F65 /* PBXTargetDependency */ = {
			isa = PBXTargetDependency;
			name = RCTActionSheet;
			targetProxy = BCD09D1BFAA9405CA0A79399 /* PBXContainerItemProxy */;
		};
		D94406AA480E475287813524 /* PBXTargetDependency */ = {
			isa = PBXTargetDependency;
			name = RCTNetwork;
			targetProxy = 158CF5DBAB7A432292A74A23 /* PBXContainerItemProxy */;
		};
		F1070BFFCDD0497C85440951 /* PBXTargetDependency */ = {
			isa = PBXTargetDependency;
			name = RCTImage;
			targetProxy = 7E7BB69EFAD44C719C0B7EEA /* PBXContainerItemProxy */;
		};
		F8C373758ADB48B19E21138E /* PBXTargetDependency */ = {
			isa = PBXTargetDependency;
			name = ART;
			targetProxy = 071162D4468D4CD4A5030315 /* PBXContainerItemProxy */;
		};
/* End PBXTargetDependency section */

/* Begin XCBuildConfiguration section */
		303268E41EA8139700A41A8F /* QADeployment */ = {
			isa = XCBuildConfiguration;
			baseConfigurationReference = 22CB683D20C9C46A0031A349 /* Project-QADeployment.xcconfig */;
			buildSettings = {
				HEADER_SEARCH_PATHS = (
					"$(inherited)",
					"$(SRCROOT)/ElectrodeContainer/Libraries/CodePush/**",
				);
				LIBRARY_SEARCH_PATHS = (
					"$(inherited)",
					"\"$(SRCROOT)/undefined/usr/lib\"",
				);
			};
			name = QADeployment;
		};
		303268E51EA8139700A41A8F /* QADeployment */ = {
			isa = XCBuildConfiguration;
			baseConfigurationReference = 22CB684020C9C46A0031A349 /* ElectrodeContainer-QADeployment.xcconfig */;
			buildSettings = {
				HEADER_SEARCH_PATHS = (
					"$(inherited)",
					"$(SRCROOT)/ElectrodeContainer/Libraries/CodePush/**",
				);
				LIBRARY_SEARCH_PATHS = (
					"$(inherited)",
					"\"$(SRCROOT)/undefined/usr/lib\"",
				);
			};
			name = QADeployment;
		};
		303268E61EA8139700A41A8F /* QADeployment */ = {
			isa = XCBuildConfiguration;
			baseConfigurationReference = 22CB684620C9C46A0031A349 /* ElectrodeContainerTests-QADeployment.xcconfig */;
			buildSettings = {
				HEADER_SEARCH_PATHS = (
					"$(inherited)",
					"$(SRCROOT)/ElectrodeContainer/Libraries/CodePush/**",
				);
				LIBRARY_SEARCH_PATHS = (
					"$(inherited)",
					"\"$(SRCROOT)/undefined/usr/lib\"",
				);
			};
			name = QADeployment;
		};
		485009F51E2FF23C009B6610 /* Debug */ = {
			isa = XCBuildConfiguration;
			baseConfigurationReference = 22CB684720C9C46A0031A349 /* Project-Debug.xcconfig */;
			buildSettings = {
				HEADER_SEARCH_PATHS = (
					"$(inherited)",
					"$(SRCROOT)/ElectrodeContainer/Libraries/CodePush/**",
				);
				LIBRARY_SEARCH_PATHS = (
					"$(inherited)",
					"\"$(SRCROOT)/undefined/usr/lib\"",
				);
			};
			name = Debug;
		};
		485009F61E2FF23C009B6610 /* Release */ = {
			isa = XCBuildConfiguration;
			baseConfigurationReference = 22CB683E20C9C46A0031A349 /* Project-Release.xcconfig */;
			buildSettings = {
				HEADER_SEARCH_PATHS = (
					"$(inherited)",
					"$(SRCROOT)/ElectrodeContainer/Libraries/CodePush/**",
				);
				LIBRARY_SEARCH_PATHS = (
					"$(inherited)",
					"\"$(SRCROOT)/undefined/usr/lib\"",
				);
			};
			name = Release;
		};
		485009F81E2FF23C009B6610 /* Debug */ = {
			isa = XCBuildConfiguration;
			baseConfigurationReference = 22CB684120C9C46A0031A349 /* ElectrodeContainer-Debug.xcconfig */;
			buildSettings = {
				HEADER_SEARCH_PATHS = (
					"$(inherited)",
					"$(SRCROOT)/ElectrodeContainer/Libraries/CodePush/**",
				);
				LIBRARY_SEARCH_PATHS = (
					"$(inherited)",
					"\"$(SRCROOT)/undefined/usr/lib\"",
				);
			};
			name = Debug;
		};
		485009F91E2FF23C009B6610 /* Release */ = {
			isa = XCBuildConfiguration;
			baseConfigurationReference = 22CB684220C9C46A0031A349 /* ElectrodeContainer-Release.xcconfig */;
			buildSettings = {
				HEADER_SEARCH_PATHS = (
					"$(inherited)",
					"$(SRCROOT)/ElectrodeContainer/Libraries/CodePush/**",
				);
				LIBRARY_SEARCH_PATHS = (
					"$(inherited)",
					"\"$(SRCROOT)/undefined/usr/lib\"",
				);
			};
			name = Release;
		};
		485009FB1E2FF23C009B6610 /* Debug */ = {
			isa = XCBuildConfiguration;
			baseConfigurationReference = 22CB684820C9C46B0031A349 /* ElectrodeContainerTests-Debug.xcconfig */;
			buildSettings = {
				HEADER_SEARCH_PATHS = (
					"$(inherited)",
					"$(SRCROOT)/ElectrodeContainer/Libraries/CodePush/**",
				);
				LIBRARY_SEARCH_PATHS = (
					"$(inherited)",
					"\"$(SRCROOT)/undefined/usr/lib\"",
				);
			};
			name = Debug;
		};
		485009FC1E2FF23C009B6610 /* Release */ = {
			isa = XCBuildConfiguration;
			baseConfigurationReference = 22CB684420C9C46A0031A349 /* ElectrodeContainerTests-Release.xcconfig */;
			buildSettings = {
				HEADER_SEARCH_PATHS = (
					"$(inherited)",
					"$(SRCROOT)/ElectrodeContainer/Libraries/CodePush/**",
				);
				LIBRARY_SEARCH_PATHS = (
					"$(inherited)",
					"\"$(SRCROOT)/undefined/usr/lib\"",
				);
			};
			name = Release;
		};
/* End XCBuildConfiguration section */

/* Begin XCConfigurationList section */
		485009DD1E2FF23B009B6610 /* Build configuration list for PBXProject "ElectrodeContainer" */ = {
			isa = XCConfigurationList;
			buildConfigurations = (
				485009F51E2FF23C009B6610 /* Debug */,
				303268E41EA8139700A41A8F /* QADeployment */,
				485009F61E2FF23C009B6610 /* Release */,
			);
			defaultConfigurationIsVisible = 0;
			defaultConfigurationName = Release;
		};
		485009F71E2FF23C009B6610 /* Build configuration list for PBXNativeTarget "ElectrodeContainer" */ = {
			isa = XCConfigurationList;
			buildConfigurations = (
				485009F81E2FF23C009B6610 /* Debug */,
				303268E51EA8139700A41A8F /* QADeployment */,
				485009F91E2FF23C009B6610 /* Release */,
			);
			defaultConfigurationIsVisible = 0;
			defaultConfigurationName = Release;
		};
		485009FA1E2FF23C009B6610 /* Build configuration list for PBXNativeTarget "ElectrodeContainerTests" */ = {
			isa = XCConfigurationList;
			buildConfigurations = (
				485009FB1E2FF23C009B6610 /* Debug */,
				303268E61EA8139700A41A8F /* QADeployment */,
				485009FC1E2FF23C009B6610 /* Release */,
			);
			defaultConfigurationIsVisible = 0;
			defaultConfigurationName = Release;
		};
/* End XCConfigurationList section */
	};
	rootObject = 485009DA1E2FF23B009B6610 /* Project object */;
}
